
Microsoft Visual Studio Solution File, Format Version 12.00
# Visual Studio Version 17
VisualStudioVersion = 17.8.34330.188
MinimumVisualStudioVersion = 10.0.40219.1
Project("{FAE04EC0-301F-11D3-BF4B-00C04F79EFBC}") = "TaskMe", "TaskMe.csproj", "{BDAD4EEF-0C18-4640-A4B7-E3A854BFF90C}"
EndProject
Global
	GlobalSection(SolutionConfigurationPlatforms) = preSolution
		Debug|Any CPU = Debug|Any CPU
		Release|Any CPU = Release|Any CPU
	EndGlobalSection
	GlobalSection(ProjectConfigurationPlatforms) = postSolution
		{BDAD4EEF-0C18-4640-A4B7-E3A854BFF90C}.Debug|Any CPU.ActiveCfg = Debug|Any CPU
		{BDAD4EEF-0C18-4640-A4B7-E3A854BFF90C}.Debug|Any CPU.Build.0 = Debug|Any CPU
		{BDAD4EEF-0C18-4640-A4B7-E3A854BFF90C}.Release|Any CPU.ActiveCfg = Release|Any CPU
		{BDAD4EEF-0C18-4640-A4B7-E3A854BFF90C}.Release|Any CPU.Build.0 = Release|Any CPU
	EndGlobalSection
	GlobalSection(SolutionProperties) = preSolution
		HideSolutionNode = FALSE
	EndGlobalSection
	GlobalSection(ExtensibilityGlobals) = postSolution
		SolutionGuid = {2F09E655-B454-4387-BCC0-F6251F786A35}
	EndGlobalSection
EndGlobal
